{
  "name": "i2c-mpu6050-example",
  "version": "1.0.0",
  "lockfileVersion": 1,
  "requires": true,
  "dependencies": {
    "@chirimen-raspi/polyfill": {
      "version": "1.0.6",
      "resolved": "https://registry.npmjs.org/@chirimen-raspi/polyfill/-/polyfill-1.0.6.tgz",
      "integrity": "sha512-h9UF/aEU86sLyaF1ULxlngebl7GSQtz8w/wgFjl/ul01j+2DvHR5zKKxy2MtNNfKGQsXTR25ZiMFziKrKnHlVw=="
    },
    "@chirimen/mpu6050": {
      "version": "1.0.3",
      "resolved": "https://registry.npmjs.org/@chirimen/mpu6050/-/mpu6050-1.0.3.tgz",
      "integrity": "sha512-YDDx5Ej4G8O0NPMCZt1nnq0/MI0S8gpiDByr9IdyAg338AMwr26Sq9jWjzNheF7nWRiNIyENeCtCZ6iKjpaBCw=="
    }
  }
}
